// !$*UTF8*$!
{
	archiveVersion = 1;
	classes = {
	};
	objectVersion = 55;
	objects = {

/* Begin PBXBuildFile section */
		260303DC2801DCB9006ACEEB /* Card+CoreDataClass.swift in Sources */ = {isa = PBXBuildFile; fileRef = 260303DA2801DCB9006ACEEB /* Card+CoreDataClass.swift */; };
		260303DD2801DCB9006ACEEB /* Card+CoreDataProperties.swift in Sources */ = {isa = PBXBuildFile; fileRef = 260303DB2801DCB9006ACEEB /* Card+CoreDataProperties.swift */; };
		260303DF2801F75F006ACEEB /* PriorCardCell.swift in Sources */ = {isa = PBXBuildFile; fileRef = 260303DE2801F75E006ACEEB /* PriorCardCell.swift */; };
		263B28B32802FC2F00E9AD43 /* PhotoAPI.swift in Sources */ = {isa = PBXBuildFile; fileRef = 263B28B22802FC2F00E9AD43 /* PhotoAPI.swift */; };
		2651CAE927FA035C00AB18A9 /* Greeting.xcdatamodeld in Sources */ = {isa = PBXBuildFile; fileRef = 2651CAE727FA035C00AB18A9 /* Greeting.xcdatamodeld */; };
		2651CAEC27FA05EB00AB18A9 /* DataController.swift in Sources */ = {isa = PBXBuildFile; fileRef = 2651CAEB27FA05EB00AB18A9 /* DataController.swift */; };
		268A550527F66CEE00E10139 /* PriorCardsViewController.swift in Sources */ = {isa = PBXBuildFile; fileRef = 268A550427F66CEE00E10139 /* PriorCardsViewController.swift */; };
		26BD35E827F4FDD800DE4793 /* AppDelegate.swift in Sources */ = {isa = PBXBuildFile; fileRef = 26BD35E727F4FDD800DE4793 /* AppDelegate.swift */; };
		26BD35EA27F4FDD800DE4793 /* SceneDelegate.swift in Sources */ = {isa = PBXBuildFile; fileRef = 26BD35E927F4FDD800DE4793 /* SceneDelegate.swift */; };
		26BD35EC27F4FDD800DE4793 /* LoginViewController.swift in Sources */ = {isa = PBXBuildFile; fileRef = 26BD35EB27F4FDD800DE4793 /* LoginViewController.swift */; };
		26BD35EF27F4FDD800DE4793 /* Main.storyboard in Resources */ = {isa = PBXBuildFile; fileRef = 26BD35ED27F4FDD800DE4793 /* Main.storyboard */; };
		26BD35F427F4FDDB00DE4793 /* Assets.xcassets in Resources */ = {isa = PBXBuildFile; fileRef = 26BD35F327F4FDDB00DE4793 /* Assets.xcassets */; };
		26BD35F727F4FDDB00DE4793 /* LaunchScreen.storyboard in Resources */ = {isa = PBXBuildFile; fileRef = 26BD35F527F4FDDB00DE4793 /* LaunchScreen.storyboard */; };
		26CA772327F8D0AF00D91849 /* SettingsViewController.swift in Sources */ = {isa = PBXBuildFile; fileRef = 26CA772227F8D0AF00D91849 /* SettingsViewController.swift */; };
		26CA774C27F8E1C200D91849 /* NewCardMenuViewController.swift in Sources */ = {isa = PBXBuildFile; fileRef = 26CA774B27F8E1C200D91849 /* NewCardMenuViewController.swift */; };
		26CA774E27F8E44700D91849 /* ImportPhotoViewController.swift in Sources */ = {isa = PBXBuildFile; fileRef = 26CA774D27F8E44600D91849 /* ImportPhotoViewController.swift */; };
		26CA775027F8E45F00D91849 /* CustomVisualViewController.swift in Sources */ = {isa = PBXBuildFile; fileRef = 26CA774F27F8E45F00D91849 /* CustomVisualViewController.swift */; };
		26CA775327F8E56300D91849 /* WriteNoteViewController.swift in Sources */ = {isa = PBXBuildFile; fileRef = 26CA775227F8E56300D91849 /* WriteNoteViewController.swift */; };
		26CA775527F8E5BC00D91849 /* FinalizeCardViewController.swift in Sources */ = {isa = PBXBuildFile; fileRef = 26CA775427F8E5BC00D91849 /* FinalizeCardViewController.swift */; };
		26D1423B27F5164D00DBAD02 /* MenuViewController.swift in Sources */ = {isa = PBXBuildFile; fileRef = 26D1423A27F5164D00DBAD02 /* MenuViewController.swift */; };
/* End PBXBuildFile section */

/* Begin PBXFileReference section */
		260303DA2801DCB9006ACEEB /* Card+CoreDataClass.swift */ = {isa = PBXFileReference; lastKnownFileType = sourcecode.swift; name = "Card+CoreDataClass.swift"; path = "GreetMe/Card+CoreDataClass.swift"; sourceTree = "<group>"; };
		260303DB2801DCB9006ACEEB /* Card+CoreDataProperties.swift */ = {isa = PBXFileReference; lastKnownFileType = sourcecode.swift; name = "Card+CoreDataProperties.swift"; path = "GreetMe/Card+CoreDataProperties.swift"; sourceTree = "<group>"; };
		260303DE2801F75E006ACEEB /* PriorCardCell.swift */ = {isa = PBXFileReference; lastKnownFileType = sourcecode.swift; path = PriorCardCell.swift; sourceTree = "<group>"; };
		263B28B22802FC2F00E9AD43 /* PhotoAPI.swift */ = {isa = PBXFileReference; lastKnownFileType = sourcecode.swift; path = PhotoAPI.swift; sourceTree = "<group>"; };
		2651CAE827FA035C00AB18A9 /* Greeting.xcdatamodel */ = {isa = PBXFileReference; lastKnownFileType = wrapper.xcdatamodel; path = Greeting.xcdatamodel; sourceTree = "<group>"; };
		2651CAEB27FA05EB00AB18A9 /* DataController.swift */ = {isa = PBXFileReference; lastKnownFileType = sourcecode.swift; path = DataController.swift; sourceTree = "<group>"; };
		268A550427F66CEE00E10139 /* PriorCardsViewController.swift */ = {isa = PBXFileReference; lastKnownFileType = sourcecode.swift; path = PriorCardsViewController.swift; sourceTree = "<group>"; };
		26BD35E427F4FDD800DE4793 /* GreetMe.app */ = {isa = PBXFileReference; explicitFileType = wrapper.application; includeInIndex = 0; path = GreetMe.app; sourceTree = BUILT_PRODUCTS_DIR; };
		26BD35E727F4FDD800DE4793 /* AppDelegate.swift */ = {isa = PBXFileReference; lastKnownFileType = sourcecode.swift; path = AppDelegate.swift; sourceTree = "<group>"; };
		26BD35E927F4FDD800DE4793 /* SceneDelegate.swift */ = {isa = PBXFileReference; lastKnownFileType = sourcecode.swift; path = SceneDelegate.swift; sourceTree = "<group>"; };
		26BD35EB27F4FDD800DE4793 /* LoginViewController.swift */ = {isa = PBXFileReference; lastKnownFileType = sourcecode.swift; path = LoginViewController.swift; sourceTree = "<group>"; };
		26BD35EE27F4FDD800DE4793 /* Base */ = {isa = PBXFileReference; lastKnownFileType = file.storyboard; name = Base; path = Base.lproj/Main.storyboard; sourceTree = "<group>"; };
		26BD35F327F4FDDB00DE4793 /* Assets.xcassets */ = {isa = PBXFileReference; lastKnownFileType = folder.assetcatalog; path = Assets.xcassets; sourceTree = "<group>"; };
		26BD35F627F4FDDB00DE4793 /* Base */ = {isa = PBXFileReference; lastKnownFileType = file.storyboard; name = Base; path = Base.lproj/LaunchScreen.storyboard; sourceTree = "<group>"; };
		26BD35F827F4FDDB00DE4793 /* Info.plist */ = {isa = PBXFileReference; lastKnownFileType = text.plist.xml; path = Info.plist; sourceTree = "<group>"; };
		26BD35FE27F4FF3600DE4793 /* GreetMe.entitlements */ = {isa = PBXFileReference; lastKnownFileType = text.plist.entitlements; path = GreetMe.entitlements; sourceTree = "<group>"; };
		26CA772227F8D0AF00D91849 /* SettingsViewController.swift */ = {isa = PBXFileReference; lastKnownFileType = sourcecode.swift; path = SettingsViewController.swift; sourceTree = "<group>"; };
		26CA774B27F8E1C200D91849 /* NewCardMenuViewController.swift */ = {isa = PBXFileReference; lastKnownFileType = sourcecode.swift; path = NewCardMenuViewController.swift; sourceTree = "<group>"; };
		26CA774D27F8E44600D91849 /* ImportPhotoViewController.swift */ = {isa = PBXFileReference; lastKnownFileType = sourcecode.swift; path = ImportPhotoViewController.swift; sourceTree = "<group>"; };
		26CA774F27F8E45F00D91849 /* CustomVisualViewController.swift */ = {isa = PBXFileReference; lastKnownFileType = sourcecode.swift; path = CustomVisualViewController.swift; sourceTree = "<group>"; };
		26CA775227F8E56300D91849 /* WriteNoteViewController.swift */ = {isa = PBXFileReference; lastKnownFileType = sourcecode.swift; path = WriteNoteViewController.swift; sourceTree = "<group>"; };
		26CA775427F8E5BC00D91849 /* FinalizeCardViewController.swift */ = {isa = PBXFileReference; lastKnownFileType = sourcecode.swift; path = FinalizeCardViewController.swift; sourceTree = "<group>"; };
		26D1423A27F5164D00DBAD02 /* MenuViewController.swift */ = {isa = PBXFileReference; lastKnownFileType = sourcecode.swift; path = MenuViewController.swift; sourceTree = "<group>"; };
/* End PBXFileReference section */

/* Begin PBXFrameworksBuildPhase section */
		26BD35E127F4FDD800DE4793 /* Frameworks */ = {
			isa = PBXFrameworksBuildPhase;
			buildActionMask = 2147483647;
			files = (
			);
			runOnlyForDeploymentPostprocessing = 0;
		};
/* End PBXFrameworksBuildPhase section */

/* Begin PBXGroup section */
		2651CAEA27FA04F800AB18A9 /* Model */ = {
			isa = PBXGroup;
			children = (
				2651CAE727FA035C00AB18A9 /* Greeting.xcdatamodeld */,
				2651CAEB27FA05EB00AB18A9 /* DataController.swift */,
				263B28B22802FC2F00E9AD43 /* PhotoAPI.swift */,
			);
			path = Model;
			sourceTree = "<group>";
		};
		26BD35DB27F4FDD800DE4793 = {
			isa = PBXGroup;
			children = (
				260303DA2801DCB9006ACEEB /* Card+CoreDataClass.swift */,
				260303DB2801DCB9006ACEEB /* Card+CoreDataProperties.swift */,
				26BD35E627F4FDD800DE4793 /* GreetMe */,
				26BD35E527F4FDD800DE4793 /* Products */,
			);
			sourceTree = "<group>";
		};
		26BD35E527F4FDD800DE4793 /* Products */ = {
			isa = PBXGroup;
			children = (
				26BD35E427F4FDD800DE4793 /* GreetMe.app */,
			);
			name = Products;
			sourceTree = "<group>";
		};
		26BD35E627F4FDD800DE4793 /* GreetMe */ = {
			isa = PBXGroup;
			children = (
				2651CAEA27FA04F800AB18A9 /* Model */,
				26BD35FE27F4FF3600DE4793 /* GreetMe.entitlements */,
				26BD35E727F4FDD800DE4793 /* AppDelegate.swift */,
				26BD35E927F4FDD800DE4793 /* SceneDelegate.swift */,
				26BD35ED27F4FDD800DE4793 /* Main.storyboard */,
				26CA772127F8D07200D91849 /* View Controllers */,
				26BD35F327F4FDDB00DE4793 /* Assets.xcassets */,
				26BD35F527F4FDDB00DE4793 /* LaunchScreen.storyboard */,
				26BD35F827F4FDDB00DE4793 /* Info.plist */,
			);
			path = GreetMe;
			sourceTree = "<group>";
		};
		26CA772127F8D07200D91849 /* View Controllers */ = {
			isa = PBXGroup;
			children = (
				26BD35EB27F4FDD800DE4793 /* LoginViewController.swift */,
				26D1423A27F5164D00DBAD02 /* MenuViewController.swift */,
				26CA775127F8E46600D91849 /* New Card View Controller */,
				268A550427F66CEE00E10139 /* PriorCardsViewController.swift */,
				260303DE2801F75E006ACEEB /* PriorCardCell.swift */,
			);
			path = "View Controllers";
			sourceTree = "<group>";
		};
		26CA775127F8E46600D91849 /* New Card View Controller */ = {
			isa = PBXGroup;
			children = (
				26CA772227F8D0AF00D91849 /* SettingsViewController.swift */,
				26CA774B27F8E1C200D91849 /* NewCardMenuViewController.swift */,
				26CA774D27F8E44600D91849 /* ImportPhotoViewController.swift */,
				26CA774F27F8E45F00D91849 /* CustomVisualViewController.swift */,
				26CA775227F8E56300D91849 /* WriteNoteViewController.swift */,
				26CA775427F8E5BC00D91849 /* FinalizeCardViewController.swift */,
			);
			name = "New Card View Controller";
			sourceTree = "<group>";
		};
/* End PBXGroup section */

/* Begin PBXNativeTarget section */
		26BD35E327F4FDD800DE4793 /* GreetMe */ = {
			isa = PBXNativeTarget;
			buildConfigurationList = 26BD35FB27F4FDDB00DE4793 /* Build configuration list for PBXNativeTarget "GreetMe" */;
			buildPhases = (
				26BD35E027F4FDD800DE4793 /* Sources */,
				26BD35E127F4FDD800DE4793 /* Frameworks */,
				26BD35E227F4FDD800DE4793 /* Resources */,
			);
			buildRules = (
			);
			dependencies = (
			);
			name = GreetMe;
			productName = GreetMe;
			productReference = 26BD35E427F4FDD800DE4793 /* GreetMe.app */;
			productType = "com.apple.product-type.application";
		};
/* End PBXNativeTarget section */

/* Begin PBXProject section */
		26BD35DC27F4FDD800DE4793 /* Project object */ = {
			isa = PBXProject;
			attributes = {
				BuildIndependentTargetsInParallel = 1;
				LastSwiftUpdateCheck = 1330;
				LastUpgradeCheck = 1330;
				TargetAttributes = {
					26BD35E327F4FDD800DE4793 = {
						CreatedOnToolsVersion = 13.3;
					};
				};
			};
			buildConfigurationList = 26BD35DF27F4FDD800DE4793 /* Build configuration list for PBXProject "GreetMe" */;
			compatibilityVersion = "Xcode 13.0";
			developmentRegion = en;
			hasScannedForEncodings = 0;
			knownRegions = (
				en,
				Base,
			);
			mainGroup = 26BD35DB27F4FDD800DE4793;
			productRefGroup = 26BD35E527F4FDD800DE4793 /* Products */;
			projectDirPath = "";
			projectRoot = "";
			targets = (
				26BD35E327F4FDD800DE4793 /* GreetMe */,
			);
		};
/* End PBXProject section */

/* Begin PBXResourcesBuildPhase section */
		26BD35E227F4FDD800DE4793 /* Resources */ = {
			isa = PBXResourcesBuildPhase;
			buildActionMask = 2147483647;
			files = (
				26BD35F727F4FDDB00DE4793 /* LaunchScreen.storyboard in Resources */,
				26BD35F427F4FDDB00DE4793 /* Assets.xcassets in Resources */,
				26BD35EF27F4FDD800DE4793 /* Main.storyboard in Resources */,
			);
			runOnlyForDeploymentPostprocessing = 0;
		};
/* End PBXResourcesBuildPhase section */

/* Begin PBXSourcesBuildPhase section */
		26BD35E027F4FDD800DE4793 /* Sources */ = {
			isa = PBXSourcesBuildPhase;
			buildActionMask = 2147483647;
			files = (
				26CA775527F8E5BC00D91849 /* FinalizeCardViewController.swift in Sources */,
				26CA774E27F8E44700D91849 /* ImportPhotoViewController.swift in Sources */,
				26BD35EC27F4FDD800DE4793 /* LoginViewController.swift in Sources */,
				26D1423B27F5164D00DBAD02 /* MenuViewController.swift in Sources */,
				260303DF2801F75F006ACEEB /* PriorCardCell.swift in Sources */,
				26CA774C27F8E1C200D91849 /* NewCardMenuViewController.swift in Sources */,
				263B28B32802FC2F00E9AD43 /* PhotoAPI.swift in Sources */,
				26CA772327F8D0AF00D91849 /* SettingsViewController.swift in Sources */,
				260303DD2801DCB9006ACEEB /* Card+CoreDataProperties.swift in Sources */,
				26CA775327F8E56300D91849 /* WriteNoteViewController.swift in Sources */,
				260303DC2801DCB9006ACEEB /* Card+CoreDataClass.swift in Sources */,
				26CA775027F8E45F00D91849 /* CustomVisualViewController.swift in Sources */,
				268A550527F66CEE00E10139 /* PriorCardsViewController.swift in Sources */,
				2651CAEC27FA05EB00AB18A9 /* DataController.swift in Sources */,
				26BD35E827F4FDD800DE4793 /* AppDelegate.swift in Sources */,
				2651CAE927FA035C00AB18A9 /* Greeting.xcdatamodeld in Sources */,
				26BD35EA27F4FDD800DE4793 /* SceneDelegate.swift in Sources */,
			);
			runOnlyForDeploymentPostprocessing = 0;
		};
/* End PBXSourcesBuildPhase section */

/* Begin PBXVariantGroup section */
		26BD35ED27F4FDD800DE4793 /* Main.storyboard */ = {
			isa = PBXVariantGroup;
			children = (
				26BD35EE27F4FDD800DE4793 /* Base */,
			);
			name = Main.storyboard;
			sourceTree = "<group>";
		};
		26BD35F527F4FDDB00DE4793 /* LaunchScreen.storyboard */ = {
			isa = PBXVariantGroup;
			children = (
				26BD35F627F4FDDB00DE4793 /* Base */,
			);
			name = LaunchScreen.storyboard;
			sourceTree = "<group>";
		};
/* End PBXVariantGroup section */

/* Begin XCBuildConfiguration section */
		26BD35F927F4FDDB00DE4793 /* Debug */ = {
			isa = XCBuildConfiguration;
			buildSettings = {
				ALWAYS_SEARCH_USER_PATHS = NO;
				CLANG_ANALYZER_NONNULL = YES;
				CLANG_ANALYZER_NUMBER_OBJECT_CONVERSION = YES_AGGRESSIVE;
				CLANG_CXX_LANGUAGE_STANDARD = "gnu++17";
				CLANG_ENABLE_MODULES = YES;
				CLANG_ENABLE_OBJC_ARC = YES;
				CLANG_ENABLE_OBJC_WEAK = YES;
				CLANG_WARN_BLOCK_CAPTURE_AUTORELEASING = YES;
				CLANG_WARN_BOOL_CONVERSION = YES;
				CLANG_WARN_COMMA = YES;
				CLANG_WARN_CONSTANT_CONVERSION = YES;
				CLANG_WARN_DEPRECATED_OBJC_IMPLEMENTATIONS = YES;
				CLANG_WARN_DIRECT_OBJC_ISA_USAGE = YES_ERROR;
				CLANG_WARN_DOCUMENTATION_COMMENTS = YES;
				CLANG_WARN_EMPTY_BODY = YES;
				CLANG_WARN_ENUM_CONVERSION = YES;
				CLANG_WARN_INFINITE_RECURSION = YES;
				CLANG_WARN_INT_CONVERSION = YES;
				CLANG_WARN_NON_LITERAL_NULL_CONVERSION = YES;
				CLANG_WARN_OBJC_IMPLICIT_RETAIN_SELF = YES;
				CLANG_WARN_OBJC_LITERAL_CONVERSION = YES;
				CLANG_WARN_OBJC_ROOT_CLASS = YES_ERROR;
				CLANG_WARN_QUOTED_INCLUDE_IN_FRAMEWORK_HEADER = YES;
				CLANG_WARN_RANGE_LOOP_ANALYSIS = YES;
				CLANG_WARN_STRICT_PROTOTYPES = YES;
				CLANG_WARN_SUSPICIOUS_MOVE = YES;
				CLANG_WARN_UNGUARDED_AVAILABILITY = YES_AGGRESSIVE;
				CLANG_WARN_UNREACHABLE_CODE = YES;
				CLANG_WARN__DUPLICATE_METHOD_MATCH = YES;
				COPY_PHASE_STRIP = NO;
				DEBUG_INFORMATION_FORMAT = dwarf;
				ENABLE_STRICT_OBJC_MSGSEND = YES;
				ENABLE_TESTABILITY = YES;
				GCC_C_LANGUAGE_STANDARD = gnu11;
				GCC_DYNAMIC_NO_PIC = NO;
				GCC_NO_COMMON_BLOCKS = YES;
				GCC_OPTIMIZATION_LEVEL = 0;
				GCC_PREPROCESSOR_DEFINITIONS = (
					"DEBUG=1",
					"$(inherited)",
				);
				GCC_WARN_64_TO_32_BIT_CONVERSION = YES;
				GCC_WARN_ABOUT_RETURN_TYPE = YES_ERROR;
				GCC_WARN_UNDECLARED_SELECTOR = YES;
				GCC_WARN_UNINITIALIZED_AUTOS = YES_AGGRESSIVE;
				GCC_WARN_UNUSED_FUNCTION = YES;
				GCC_WARN_UNUSED_VARIABLE = YES;
				IPHONEOS_DEPLOYMENT_TARGET = 15.4;
				MTL_ENABLE_DEBUG_INFO = INCLUDE_SOURCE;
				MTL_FAST_MATH = YES;
				ONLY_ACTIVE_ARCH = YES;
				SDKROOT = iphoneos;
				SWIFT_ACTIVE_COMPILATION_CONDITIONS = DEBUG;
				SWIFT_OPTIMIZATION_LEVEL = "-Onone";
			};
			name = Debug;
		};
		26BD35FA27F4FDDB00DE4793 /* Release */ = {
			isa = XCBuildConfiguration;
			buildSettings = {
				ALWAYS_SEARCH_USER_PATHS = NO;
				CLANG_ANALYZER_NONNULL = YES;
				CLANG_ANALYZER_NUMBER_OBJECT_CONVERSION = YES_AGGRESSIVE;
				CLANG_CXX_LANGUAGE_STANDARD = "gnu++17";
				CLANG_ENABLE_MODULES = YES;
				CLANG_ENABLE_OBJC_ARC = YES;
				CLANG_ENABLE_OBJC_WEAK = YES;
				CLANG_WARN_BLOCK_CAPTURE_AUTORELEASING = YES;
				CLANG_WARN_BOOL_CONVERSION = YES;
				CLANG_WARN_COMMA = YES;
				CLANG_WARN_CONSTANT_CONVERSION = YES;
				CLANG_WARN_DEPRECATED_OBJC_IMPLEMENTATIONS = YES;
				CLANG_WARN_DIRECT_OBJC_ISA_USAGE = YES_ERROR;
				CLANG_WARN_DOCUMENTATION_COMMENTS = YES;
				CLANG_WARN_EMPTY_BODY = YES;
				CLANG_WARN_ENUM_CONVERSION = YES;
				CLANG_WARN_INFINITE_RECURSION = YES;
				CLANG_WARN_INT_CONVERSION = YES;
				CLANG_WARN_NON_LITERAL_NULL_CONVERSION = YES;
				CLANG_WARN_OBJC_IMPLICIT_RETAIN_SELF = YES;
				CLANG_WARN_OBJC_LITERAL_CONVERSION = YES;
				CLANG_WARN_OBJC_ROOT_CLASS = YES_ERROR;
				CLANG_WARN_QUOTED_INCLUDE_IN_FRAMEWORK_HEADER = YES;
				CLANG_WARN_RANGE_LOOP_ANALYSIS = YES;
				CLANG_WARN_STRICT_PROTOTYPES = YES;
				CLANG_WARN_SUSPICIOUS_MOVE = YES;
				CLANG_WARN_UNGUARDED_AVAILABILITY = YES_AGGRESSIVE;
				CLANG_WARN_UNREACHABLE_CODE = YES;
				CLANG_WARN__DUPLICATE_METHOD_MATCH = YES;
				COPY_PHASE_STRIP = NO;
				DEBUG_INFORMATION_FORMAT = "dwarf-with-dsym";
				ENABLE_NS_ASSERTIONS = NO;
				ENABLE_STRICT_OBJC_MSGSEND = YES;
				GCC_C_LANGUAGE_STANDARD = gnu11;
				GCC_NO_COMMON_BLOCKS = YES;
				GCC_WARN_64_TO_32_BIT_CONVERSION = YES;
				GCC_WARN_ABOUT_RETURN_TYPE = YES_ERROR;
				GCC_WARN_UNDECLARED_SELECTOR = YES;
				GCC_WARN_UNINITIALIZED_AUTOS = YES_AGGRESSIVE;
				GCC_WARN_UNUSED_FUNCTION = YES;
				GCC_WARN_UNUSED_VARIABLE = YES;
				IPHONEOS_DEPLOYMENT_TARGET = 15.4;
				MTL_ENABLE_DEBUG_INFO = NO;
				MTL_FAST_MATH = YES;
				SDKROOT = iphoneos;
				SWIFT_COMPILATION_MODE = wholemodule;
				SWIFT_OPTIMIZATION_LEVEL = "-O";
				VALIDATE_PRODUCT = YES;
			};
			name = Release;
		};
		26BD35FC27F4FDDB00DE4793 /* Debug */ = {
			isa = XCBuildConfiguration;
			buildSettings = {
				ASSETCATALOG_COMPILER_APPICON_NAME = AppIcon;
				ASSETCATALOG_COMPILER_GLOBAL_ACCENT_COLOR_NAME = AccentColor;
				CODE_SIGN_ENTITLEMENTS = GreetMe/GreetMe.entitlements;
				CODE_SIGN_STYLE = Automatic;
				CURRENT_PROJECT_VERSION = 1;
				DEVELOPMENT_TEAM = BSM3YZFUT2;
				GENERATE_INFOPLIST_FILE = YES;
				INFOPLIST_FILE = GreetMe/Info.plist;
				INFOPLIST_KEY_UIApplicationSupportsIndirectInputEvents = YES;
				INFOPLIST_KEY_UILaunchStoryboardName = LaunchScreen;
				INFOPLIST_KEY_UIMainStoryboardFile = Main;
				INFOPLIST_KEY_UISupportedInterfaceOrientations_iPad = "UIInterfaceOrientationPortrait UIInterfaceOrientationPortraitUpsideDown UIInterfaceOrientationLandscapeLeft UIInterfaceOrientationLandscapeRight";
				INFOPLIST_KEY_UISupportedInterfaceOrientations_iPhone = "UIInterfaceOrientationPortrait UIInterfaceOrientationLandscapeLeft UIInterfaceOrientationLandscapeRight";
				LD_RUNPATH_SEARCH_PATHS = (
					"$(inherited)",
					"@executable_path/Frameworks",
				);
				MARKETING_VERSION = 1.0;
				PRODUCT_BUNDLE_IDENTIFIER = Sam.GreetMe;
				PRODUCT_NAME = "$(TARGET_NAME)";
				SWIFT_EMIT_LOC_STRINGS = YES;
				SWIFT_VERSION = 5.0;
				TARGETED_DEVICE_FAMILY = "1,2";
			};
			name = Debug;
		};
		26BD35FD27F4FDDB00DE4793 /* Release */ = {
			isa = XCBuildConfiguration;
			buildSettings = {
				ASSETCATALOG_COMPILER_APPICON_NAME = AppIcon;
				ASSETCATALOG_COMPILER_GLOBAL_ACCENT_COLOR_NAME = AccentColor;
				CODE_SIGN_ENTITLEMENTS = GreetMe/GreetMe.entitlements;
				CODE_SIGN_STYLE = Automatic;
				CURRENT_PROJECT_VERSION = 1;
				DEVELOPMENT_TEAM = BSM3YZFUT2;
				GENERATE_INFOPLIST_FILE = YES;
				INFOPLIST_FILE = GreetMe/Info.plist;
				INFOPLIST_KEY_UIApplicationSupportsIndirectInputEvents = YES;
				INFOPLIST_KEY_UILaunchStoryboardName = LaunchScreen;
				INFOPLIST_KEY_UIMainStoryboardFile = Main;
				INFOPLIST_KEY_UISupportedInterfaceOrientations_iPad = "UIInterfaceOrientationPortrait UIInterfaceOrientationPortraitUpsideDown UIInterfaceOrientationLandscapeLeft UIInterfaceOrientationLandscapeRight";
				INFOPLIST_KEY_UISupportedInterfaceOrientations_iPhone = "UIInterfaceOrientationPortrait UIInterfaceOrientationLandscapeLeft UIInterfaceOrientationLandscapeRight";
				LD_RUNPATH_SEARCH_PATHS = (
					"$(inherited)",
					"@executable_path/Frameworks",
				);
				MARKETING_VERSION = 1.0;
				PRODUCT_BUNDLE_IDENTIFIER = Sam.GreetMe;
				PRODUCT_NAME = "$(TARGET_NAME)";
				SWIFT_EMIT_LOC_STRINGS = YES;
				SWIFT_VERSION = 5.0;
				TARGETED_DEVICE_FAMILY = "1,2";
			};
			name = Release;
		};
/* End XCBuildConfiguration section */

/* Begin XCConfigurationList section */
		26BD35DF27F4FDD800DE4793 /* Build configuration list for PBXProject "GreetMe" */ = {
			isa = XCConfigurationList;
			buildConfigurations = (
				26BD35F927F4FDDB00DE4793 /* Debug */,
				26BD35FA27F4FDDB00DE4793 /* Release */,
			);
			defaultConfigurationIsVisible = 0;
			defaultConfigurationName = Release;
		};
		26BD35FB27F4FDDB00DE4793 /* Build configuration list for PBXNativeTarget "GreetMe" */ = {
			isa = XCConfigurationList;
			buildConfigurations = (
				26BD35FC27F4FDDB00DE4793 /* Debug */,
				26BD35FD27F4FDDB00DE4793 /* Release */,
			);
			defaultConfigurationIsVisible = 0;
			defaultConfigurationName = Release;
		};
/* End XCConfigurationList section */

/* Begin XCVersionGroup section */
		2651CAE727FA035C00AB18A9 /* Greeting.xcdatamodeld */ = {
			isa = XCVersionGroup;
			children = (
				2651CAE827FA035C00AB18A9 /* Greeting.xcdatamodel */,
			);
			currentVersion = 2651CAE827FA035C00AB18A9 /* Greeting.xcdatamodel */;
			path = Greeting.xcdatamodeld;
			sourceTree = "<group>";
			versionGroupType = wrapper.xcdatamodel;
		};
/* End XCVersionGroup section */
	};
	rootObject = 26BD35DC27F4FDD800DE4793 /* Project object */;
}
